// !$*UTF8*$!
{
	archiveVersion = 1;
	classes = {
	};
	objectVersion = 77;
	objects = {

/* Begin PBXBuildFile section */
		8D8C59EF2ECB62DA006B600D /* FirebaseAnalytics in Frameworks */ = {isa = PBXBuildFile; productRef = 8D8C59EE2ECB62DA006B600D /* FirebaseAnalytics */; };
		8D8C59F12ECB62DA006B600D /* FirebaseAuth in Frameworks */ = {isa = PBXBuildFile; productRef = 8D8C59F02ECB62DA006B600D /* FirebaseAuth */; };
		8D8C59F32ECB62DA006B600D /* FirebaseFirestore in Frameworks */ = {isa = PBXBuildFile; productRef = 8D8C59F22ECB62DA006B600D /* FirebaseFirestore */; };
/* End PBXBuildFile section */

/* Begin PBXContainerItemProxy section */
		8DD9C3BE2ECAE48000876976 /* PBXContainerItemProxy */ = {
			isa = PBXContainerItemProxy;
			containerPortal = 8DD9C3A82ECAE47E00876976 /* Project object */;
			proxyType = 1;
			remoteGlobalIDString = 8DD9C3AF2ECAE47F00876976;
			remoteInfo = SleepPulse;
		};
		8DD9C3C82ECAE48000876976 /* PBXContainerItemProxy */ = {
			isa = PBXContainerItemProxy;
			containerPortal = 8DD9C3A82ECAE47E00876976 /* Project object */;
			proxyType = 1;
			remoteGlobalIDString = 8DD9C3AF2ECAE47F00876976;
			remoteInfo = SleepPulse;
		};
/* End PBXContainerItemProxy section */

/* Begin PBXFileReference section */
		8DD9C3B02ECAE47F00876976 /* SleepPulse.app */ = {isa = PBXFileReference; explicitFileType = wrapper.application; includeInIndex = 0; path = SleepPulse.app; sourceTree = BUILT_PRODUCTS_DIR; };
		8DD9C3BD2ECAE48000876976 /* SleepPulseTests.xctest */ = {isa = PBXFileReference; explicitFileType = wrapper.cfbundle; includeInIndex = 0; path = SleepPulseTests.xctest; sourceTree = BUILT_PRODUCTS_DIR; };
		8DD9C3C72ECAE48000876976 /* SleepPulseUITests.xctest */ = {isa = PBXFileReference; explicitFileType = wrapper.cfbundle; includeInIndex = 0; path = SleepPulseUITests.xctest; sourceTree = BUILT_PRODUCTS_DIR; };
/* End PBXFileReference section */

/* Begin PBXFileSystemSynchronizedRootGroup section */
		8DD9C3B22ECAE47F00876976 /* SleepPulse */ = {
			isa = PBXFileSystemSynchronizedRootGroup;
			path = SleepPulse;
			sourceTree = "<group>";
		};
		8DD9C3C02ECAE48000876976 /* SleepPulseTests */ = {
			isa = PBXFileSystemSynchronizedRootGroup;
			path = SleepPulseTests;
			sourceTree = "<group>";
		};
		8DD9C3CA2ECAE48000876976 /* SleepPulseUITests */ = {
			isa = PBXFileSystemSynchronizedRootGroup;
			path = SleepPulseUITests;
			sourceTree = "<group>";
		};
/* End PBXFileSystemSynchronizedRootGroup section */

/* Begin PBXFrameworksBuildPhase section */
		8DD9C3AD2ECAE47F00876976 /* Frameworks */ = {
			isa = PBXFrameworksBuildPhase;
			buildActionMask = 2147483647;
			files = (
				8D8C59EF2ECB62DA006B600D /* FirebaseAnalytics in Frameworks */,
				8D8C59F12ECB62DA006B600D /* FirebaseAuth in Frameworks */,
				8D8C59F32ECB62DA006B600D /* FirebaseFirestore in Frameworks */,
			);
			runOnlyForDeploymentPostprocessing = 0;
		};
		8DD9C3BA2ECAE48000876976 /* Frameworks */ = {
			isa = PBXFrameworksBuildPhase;
			buildActionMask = 2147483647;
			files = (
			);
			runOnlyForDeploymentPostprocessing = 0;
		};
		8DD9C3C42ECAE48000876976 /* Frameworks */ = {
			isa = PBXFrameworksBuildPhase;
			buildActionMask = 2147483647;
			files = (
			);
			runOnlyForDeploymentPostprocessing = 0;
		};
/* End PBXFrameworksBuildPhase section */

/* Begin PBXGroup section */
		61932A299843A452984CC65C /* Pods */ = {
			isa = PBXGroup;
			children = (
			);
			path = Pods;
			sourceTree = "<group>";
		};
		8DD9C3A72ECAE47E00876976 = {
			isa = PBXGroup;
			children = (
				8DD9C3B22ECAE47F00876976 /* SleepPulse */,
				8DD9C3C02ECAE48000876976 /* SleepPulseTests */,
				8DD9C3CA2ECAE48000876976 /* SleepPulseUITests */,
				8DD9C3B12ECAE47F00876976 /* Products */,
				61932A299843A452984CC65C /* Pods */,
			);
			sourceTree = "<group>";
		};
		8DD9C3B12ECAE47F00876976 /* Products */ = {
			isa = PBXGroup;
			children = (
				8DD9C3B02ECAE47F00876976 /* SleepPulse.app */,
				8DD9C3BD2ECAE48000876976 /* SleepPulseTests.xctest */,
				8DD9C3C72ECAE48000876976 /* SleepPulseUITests.xctest */,
			);
			name = Products;
			sourceTree = "<group>";
		};
/* End PBXGroup section */

/* Begin PBXNativeTarget section */
		8DD9C3AF2ECAE47F00876976 /* SleepPulse */ = {
			isa = PBXNativeTarget;
			buildConfigurationList = 8DD9C3D12ECAE48000876976 /* Build configuration list for PBXNativeTarget "SleepPulse" */;
			buildPhases = (
				8DD9C3AC2ECAE47F00876976 /* Sources */,
				8DD9C3AD2ECAE47F00876976 /* Frameworks */,
				8DD9C3AE2ECAE47F00876976 /* Resources */,
			);
			buildRules = (
			);
			dependencies = (
			);
			fileSystemSynchronizedGroups = (
				8DD9C3B22ECAE47F00876976 /* SleepPulse */,
			);
			name = SleepPulse;
			productName = SleepPulse;
			productReference = 8DD9C3B02ECAE47F00876976 /* SleepPulse.app */;
			productType = "com.apple.product-type.application";
		};
		8DD9C3BC2ECAE48000876976 /* SleepPulseTests */ = {
			isa = PBXNativeTarget;
			buildConfigurationList = 8DD9C3D42ECAE48000876976 /* Build configuration list for PBXNativeTarget "SleepPulseTests" */;
			buildPhases = (
				8DD9C3B92ECAE48000876976 /* Sources */,
				8DD9C3BA2ECAE48000876976 /* Frameworks */,
				8DD9C3BB2ECAE48000876976 /* Resources */,
			);
			buildRules = (
			);
			dependencies = (
				8DD9C3BF2ECAE48000876976 /* PBXTargetDependency */,
			);
			fileSystemSynchronizedGroups = (
				8DD9C3C02ECAE48000876976 /* SleepPulseTests */,
			);
			name = SleepPulseTests;
			productName = SleepPulseTests;
			productReference = 8DD9C3BD2ECAE48000876976 /* SleepPulseTests.xctest */;
			productType = "com.apple.product-type.bundle.unit-test";
		};
		8DD9C3C62ECAE48000876976 /* SleepPulseUITests */ = {
			isa = PBXNativeTarget;
			buildConfigurationList = 8DD9C3D72ECAE48000876976 /* Build configuration list for PBXNativeTarget "SleepPulseUITests" */;
			buildPhases = (
				8DD9C3C32ECAE48000876976 /* Sources */,
				8DD9C3C42ECAE48000876976 /* Frameworks */,
				8DD9C3C52ECAE48000876976 /* Resources */,
			);
			buildRules = (
			);
			dependencies = (
				8DD9C3C92ECAE48000876976 /* PBXTargetDependency */,
			);
			fileSystemSynchronizedGroups = (
				8DD9C3CA2ECAE48000876976 /* SleepPulseUITests */,
			);
			name = SleepPulseUITests;
			productName = SleepPulseUITests;
			productReference = 8DD9C3C72ECAE48000876976 /* SleepPulseUITests.xctest */;
			productType = "com.apple.product-type.bundle.ui-testing";
		};
/* End PBXNativeTarget section */

/* Begin PBXProject section */
		8DD9C3A82ECAE47E00876976 /* Project object */ = {
			isa = PBXProject;
			attributes = {
				BuildIndependentTargetsInParallel = 1;
				LastSwiftUpdateCheck = 2610;
				LastUpgradeCheck = 2610;
				TargetAttributes = {
					8DD9C3AF2ECAE47F00876976 = {
						CreatedOnToolsVersion = 26.1.1;
					};
					8DD9C3BC2ECAE48000876976 = {
						CreatedOnToolsVersion = 26.1.1;
						TestTargetID = 8DD9C3AF2ECAE47F00876976;
					};
					8DD9C3C62ECAE48000876976 = {
						CreatedOnToolsVersion = 26.1.1;
						TestTargetID = 8DD9C3AF2ECAE47F00876976;
					};
				};
			};
			buildConfigurationList = 8DD9C3AB2ECAE47E00876976 /* Build configuration list for PBXProject "SleepPulse" */;
			developmentRegion = en;
			hasScannedForEncodings = 0;
			knownRegions = (
				en,
				Base,
			);
			mainGroup = 8DD9C3A72ECAE47E00876976;
			minimizedProjectReferenceProxies = 1;
			packageReferences = (
				8D8C59ED2ECB62DA006B600D /* XCRemoteSwiftPackageReference "firebase-ios-sdk" */,
			);
			preferredProjectObjectVersion = 77;
			productRefGroup = 8DD9C3B12ECAE47F00876976 /* Products */;
			projectDirPath = "";
			projectRoot = "";
			targets = (
				8DD9C3AF2ECAE47F00876976 /* SleepPulse */,
				8DD9C3BC2ECAE48000876976 /* SleepPulseTests */,
				8DD9C3C62ECAE48000876976 /* SleepPulseUITests */,
			);
		};
/* End PBXProject section */

/* Begin PBXResourcesBuildPhase section */
		8DD9C3AE2ECAE47F00876976 /* Resources */ = {
			isa = PBXResourcesBuildPhase;
			buildActionMask = 2147483647;
			files = (
			);
			runOnlyForDeploymentPostprocessing = 0;
		};
		8DD9C3BB2ECAE48000876976 /* Resources */ = {
			isa = PBXResourcesBuildPhase;
			buildActionMask = 2147483647;
			files = (
			);
			runOnlyForDeploymentPostprocessing = 0;
		};
		8DD9C3C52ECAE48000876976 /* Resources */ = {
			isa = PBXResourcesBuildPhase;
			buildActionMask = 2147483647;
			files = (
			);
			runOnlyForDeploymentPostprocessing = 0;
		};
/* End PBXResourcesBuildPhase section */

/* Begin PBXSourcesBuildPhase section */
		8DD9C3AC2ECAE47F00876976 /* Sources */ = {
			isa = PBXSourcesBuildPhase;
			buildActionMask = 2147483647;
			files = (
			);
			runOnlyForDeploymentPostprocessing = 0;
		};
		8DD9C3B92ECAE48000876976 /* Sources */ = {
			isa = PBXSourcesBuildPhase;
			buildActionMask = 2147483647;
			files = (
			);
			runOnlyForDeploymentPostprocessing = 0;
		};
		8DD9C3C32ECAE48000876976 /* Sources */ = {
			isa = PBXSourcesBuildPhase;
			buildActionMask = 2147483647;
			files = (
			);
			runOnlyForDeploymentPostprocessing = 0;
		};
/* End PBXSourcesBuildPhase section */

/* Begin PBXTargetDependency section */
		8DD9C3BF2ECAE48000876976 /* PBXTargetDependency */ = {
			isa = PBXTargetDependency;
			target = 8DD9C3AF2ECAE47F00876976 /* SleepPulse */;
			targetProxy = 8DD9C3BE2ECAE48000876976 /* PBXContainerItemProxy */;
		};
		8DD9C3C92ECAE48000876976 /* PBXTargetDependency */ = {
			isa = PBXTargetDependency;
			target = 8DD9C3AF2ECAE47F00876976 /* SleepPulse */;
			targetProxy = 8DD9C3C82ECAE48000876976 /* PBXContainerItemProxy */;
		};
/* End PBXTargetDependency section */

/* Begin XCBuildConfiguration section */
		8DD9C3CF2ECAE48000876976 /* Debug */ = {
			isa = XCBuildConfiguration;
			buildSettings = {
				ALWAYS_SEARCH_USER_PATHS = NO;
				ASSETCATALOG_COMPILER_GENERATE_SWIFT_ASSET_SYMBOL_EXTENSIONS = YES;
				CLANG_ANALYZER_NONNULL = YES;
				CLANG_ANALYZER_NUMBER_OBJECT_CONVERSION = YES_AGGRESSIVE;
				CLANG_CXX_LANGUAGE_STANDARD = "gnu++20";
				CLANG_ENABLE_MODULES = YES;
				CLANG_ENABLE_OBJC_ARC = YES;
				CLANG_ENABLE_OBJC_WEAK = YES;
				CLANG_WARN_BLOCK_CAPTURE_AUTORELEASING = YES;
				CLANG_WARN_BOOL_CONVERSION = YES;
				CLANG_WARN_COMMA = YES;
				CLANG_WARN_CONSTANT_CONVERSION = YES;
				CLANG_WARN_DEPRECATED_OBJC_IMPLEMENTATIONS = YES;
				CLANG_WARN_DIRECT_OBJC_ISA_USAGE = YES_ERROR;
				CLANG_WARN_DOCUMENTATION_COMMENTS = YES;
				CLANG_WARN_EMPTY_BODY = YES;
				CLANG_WARN_ENUM_CONVERSION = YES;
				CLANG_WARN_INFINITE_RECURSION = YES;
				CLANG_WARN_INT_CONVERSION = YES;
				CLANG_WARN_NON_LITERAL_NULL_CONVERSION = YES;
				CLANG_WARN_OBJC_IMPLICIT_RETAIN_SELF = YES;
				CLANG_WARN_OBJC_LITERAL_CONVERSION = YES;
				CLANG_WARN_OBJC_ROOT_CLASS = YES_ERROR;
				CLANG_WARN_QUOTED_INCLUDE_IN_FRAMEWORK_HEADER = YES;
				CLANG_WARN_RANGE_LOOP_ANALYSIS = YES;
				CLANG_WARN_STRICT_PROTOTYPES = YES;
				CLANG_WARN_SUSPICIOUS_MOVE = YES;
				CLANG_WARN_UNGUARDED_AVAILABILITY = YES_AGGRESSIVE;
				CLANG_WARN_UNREACHABLE_CODE = YES;
				CLANG_WARN__DUPLICATE_METHOD_MATCH = YES;
				COPY_PHASE_STRIP = NO;
				DEBUG_INFORMATION_FORMAT = dwarf;
				DEVELOPMENT_TEAM = S45L683Y57;
				ENABLE_STRICT_OBJC_MSGSEND = YES;
				ENABLE_TESTABILITY = YES;
				ENABLE_USER_SCRIPT_SANDBOXING = YES;
				GCC_C_LANGUAGE_STANDARD = gnu17;
				GCC_DYNAMIC_NO_PIC = NO;
				GCC_NO_COMMON_BLOCKS = YES;
				GCC_OPTIMIZATION_LEVEL = 0;
				GCC_PREPROCESSOR_DEFINITIONS = (
					"DEBUG=1",
					"$(inherited)",
				);
				GCC_WARN_64_TO_32_BIT_CONVERSION = YES;
				GCC_WARN_ABOUT_RETURN_TYPE = YES_ERROR;
				GCC_WARN_UNDECLARED_SELECTOR = YES;
				GCC_WARN_UNINITIALIZED_AUTOS = YES_AGGRESSIVE;
				GCC_WARN_UNUSED_FUNCTION = YES;
				GCC_WARN_UNUSED_VARIABLE = YES;
				IPHONEOS_DEPLOYMENT_TARGET = 26.1;
				LOCALIZATION_PREFERS_STRING_CATALOGS = YES;
				MTL_ENABLE_DEBUG_INFO = INCLUDE_SOURCE;
				MTL_FAST_MATH = YES;
				ONLY_ACTIVE_ARCH = YES;
				SDKROOT = iphoneos;
				SWIFT_ACTIVE_COMPILATION_CONDITIONS = "DEBUG $(inherited)";
				SWIFT_OPTIMIZATION_LEVEL = "-Onone";
			};
			name = Debug;
		};
		8DD9C3D02ECAE48000876976 /* Release */ = {
			isa = XCBuildConfiguration;
			buildSettings = {
				ALWAYS_SEARCH_USER_PATHS = NO;
				ASSETCATALOG_COMPILER_GENERATE_SWIFT_ASSET_SYMBOL_EXTENSIONS = YES;
				CLANG_ANALYZER_NONNULL = YES;
				CLANG_ANALYZER_NUMBER_OBJECT_CONVERSION = YES_AGGRESSIVE;
				CLANG_CXX_LANGUAGE_STANDARD = "gnu++20";
				CLANG_ENABLE_MODULES = YES;
				CLANG_ENABLE_OBJC_ARC = YES;
				CLANG_ENABLE_OBJC_WEAK = YES;
				CLANG_WARN_BLOCK_CAPTURE_AUTORELEASING = YES;
				CLANG_WARN_BOOL_CONVERSION = YES;
				CLANG_WARN_COMMA = YES;
				CLANG_WARN_CONSTANT_CONVERSION = YES;
				CLANG_WARN_DEPRECATED_OBJC_IMPLEMENTATIONS = YES;
				CLANG_WARN_DIRECT_OBJC_ISA_USAGE = YES_ERROR;
				CLANG_WARN_DOCUMENTATION_COMMENTS = YES;
				CLANG_WARN_EMPTY_BODY = YES;
				CLANG_WARN_ENUM_CONVERSION = YES;
				CLANG_WARN_INFINITE_RECURSION = YES;
				CLANG_WARN_INT_CONVERSION = YES;
				CLANG_WARN_NON_LITERAL_NULL_CONVERSION = YES;
				CLANG_WARN_OBJC_IMPLICIT_RETAIN_SELF = YES;
				CLANG_WARN_OBJC_LITERAL_CONVERSION = YES;
				CLANG_WARN_OBJC_ROOT_CLASS = YES_ERROR;
				CLANG_WARN_QUOTED_INCLUDE_IN_FRAMEWORK_HEADER = YES;
				CLANG_WARN_RANGE_LOOP_ANALYSIS = YES;
				CLANG_WARN_STRICT_PROTOTYPES = YES;
				CLANG_WARN_SUSPICIOUS_MOVE = YES;
				CLANG_WARN_UNGUARDED_AVAILABILITY = YES_AGGRESSIVE;
				CLANG_WARN_UNREACHABLE_CODE = YES;
				CLANG_WARN__DUPLICATE_METHOD_MATCH = YES;
				COPY_PHASE_STRIP = NO;
				DEBUG_INFORMATION_FORMAT = "dwarf-with-dsym";
				DEVELOPMENT_TEAM = S45L683Y57;
				ENABLE_NS_ASSERTIONS = NO;
				ENABLE_STRICT_OBJC_MSGSEND = YES;
				ENABLE_USER_SCRIPT_SANDBOXING = YES;
				GCC_C_LANGUAGE_STANDARD = gnu17;
				GCC_NO_COMMON_BLOCKS = YES;
				GCC_WARN_64_TO_32_BIT_CONVERSION = YES;
				GCC_WARN_ABOUT_RETURN_TYPE = YES_ERROR;
				GCC_WARN_UNDECLARED_SELECTOR = YES;
				GCC_WARN_UNINITIALIZED_AUTOS = YES_AGGRESSIVE;
				GCC_WARN_UNUSED_FUNCTION = YES;
				GCC_WARN_UNUSED_VARIABLE = YES;
				IPHONEOS_DEPLOYMENT_TARGET = 26.1;
				LOCALIZATION_PREFERS_STRING_CATALOGS = YES;
				MTL_ENABLE_DEBUG_INFO = NO;
				MTL_FAST_MATH = YES;
				SDKROOT = iphoneos;
				SWIFT_COMPILATION_MODE = wholemodule;
				VALIDATE_PRODUCT = YES;
			};
			name = Release;
		};
		8DD9C3D22ECAE48000876976 /* Debug */ = {
			isa = XCBuildConfiguration;
			buildSettings = {
				ASSETCATALOG_COMPILER_APPICON_NAME = AppIcon;
				ASSETCATALOG_COMPILER_GLOBAL_ACCENT_COLOR_NAME = AccentColor;
				CODE_SIGN_ENTITLEMENTS = SleepPulse/SleepPulse.entitlements;
				CODE_SIGN_STYLE = Automatic;
				CURRENT_PROJECT_VERSION = 1;
				DEVELOPMENT_TEAM = S45L683Y57;
				ENABLE_PREVIEWS = YES;
				GENERATE_INFOPLIST_FILE = YES;
				INFOPLIST_KEY_LSApplicationCategoryType = "";
				INFOPLIST_KEY_NSHealthShareUsageDescription = "   SleepPulse needs access to your sleep and heart rate data to provide personalized health insights.";
				INFOPLIST_KEY_NSHealthUpdateUsageDescription = "SleepPulse may save health insights to your Health app.";
				INFOPLIST_KEY_UIApplicationSceneManifest_Generation = YES;
				INFOPLIST_KEY_UIApplicationSupportsIndirectInputEvents = YES;
				INFOPLIST_KEY_UILaunchScreen_Generation = YES;
				INFOPLIST_KEY_UISupportedInterfaceOrientations_iPad = "UIInterfaceOrientationPortrait UIInterfaceOrientationPortraitUpsideDown UIInterfaceOrientationLandscapeLeft UIInterfaceOrientationLandscapeRight";
				INFOPLIST_KEY_UISupportedInterfaceOrientations_iPhone = "UIInterfaceOrientationPortrait UIInterfaceOrientationLandscapeLeft UIInterfaceOrientationLandscapeRight";
				LD_RUNPATH_SEARCH_PATHS = (
					"$(inherited)",
					"@executable_path/Frameworks",
				);
				MARKETING_VERSION = 1.0;
				PRODUCT_BUNDLE_IDENTIFIER = com.ramloops.SleepPulse;
				PRODUCT_NAME = "$(TARGET_NAME)";
				STRING_CATALOG_GENERATE_SYMBOLS = YES;
				SWIFT_APPROACHABLE_CONCURRENCY = YES;
				SWIFT_DEFAULT_ACTOR_ISOLATION = MainActor;
				SWIFT_EMIT_LOC_STRINGS = YES;
				SWIFT_UPCOMING_FEATURE_MEMBER_IMPORT_VISIBILITY = YES;
				SWIFT_VERSION = 5.0;
				TARGETED_DEVICE_FAMILY = "1,2";
			};
			name = Debug;
		};
		8DD9C3D32ECAE48000876976 /* Release */ = {
			isa = XCBuildConfiguration;
			buildSettings = {
				ASSETCATALOG_COMPILER_APPICON_NAME = AppIcon;
				ASSETCATALOG_COMPILER_GLOBAL_ACCENT_COLOR_NAME = AccentColor;
				CODE_SIGN_ENTITLEMENTS = SleepPulse/SleepPulse.entitlements;
				CODE_SIGN_STYLE = Automatic;
				CURRENT_PROJECT_VERSION = 1;
				DEVELOPMENT_TEAM = S45L683Y57;
				ENABLE_PREVIEWS = YES;
				GENERATE_INFOPLIST_FILE = YES;
				INFOPLIST_KEY_LSApplicationCategoryType = "";
				INFOPLIST_KEY_NSHealthShareUsageDescription = "   SleepPulse needs access to your sleep and heart rate data to provide personalized health insights.";
				INFOPLIST_KEY_NSHealthUpdateUsageDescription = "SleepPulse may save health insights to your Health app.";
				INFOPLIST_KEY_UIApplicationSceneManifest_Generation = YES;
				INFOPLIST_KEY_UIApplicationSupportsIndirectInputEvents = YES;
				INFOPLIST_KEY_UILaunchScreen_Generation = YES;
				INFOPLIST_KEY_UISupportedInterfaceOrientations_iPad = "UIInterfaceOrientationPortrait UIInterfaceOrientationPortraitUpsideDown UIInterfaceOrientationLandscapeLeft UIInterfaceOrientationLandscapeRight";
				INFOPLIST_KEY_UISupportedInterfaceOrientations_iPhone = "UIInterfaceOrientationPortrait UIInterfaceOrientationLandscapeLeft UIInterfaceOrientationLandscapeRight";
				LD_RUNPATH_SEARCH_PATHS = (
					"$(inherited)",
					"@executable_path/Frameworks",
				);
				MARKETING_VERSION = 1.0;
				PRODUCT_BUNDLE_IDENTIFIER = com.ramloops.SleepPulse;
				PRODUCT_NAME = "$(TARGET_NAME)";
				STRING_CATALOG_GENERATE_SYMBOLS = YES;
				SWIFT_APPROACHABLE_CONCURRENCY = YES;
				SWIFT_DEFAULT_ACTOR_ISOLATION = MainActor;
				SWIFT_EMIT_LOC_STRINGS = YES;
				SWIFT_UPCOMING_FEATURE_MEMBER_IMPORT_VISIBILITY = YES;
				SWIFT_VERSION = 5.0;
				TARGETED_DEVICE_FAMILY = "1,2";
			};
			name = Release;
		};
		8DD9C3D52ECAE48000876976 /* Debug */ = {
			isa = XCBuildConfiguration;
			buildSettings = {
				BUNDLE_LOADER = "$(TEST_HOST)";
				CODE_SIGN_STYLE = Automatic;
				CURRENT_PROJECT_VERSION = 1;
				DEVELOPMENT_TEAM = S45L683Y57;
				GENERATE_INFOPLIST_FILE = YES;
				IPHONEOS_DEPLOYMENT_TARGET = 26.1;
				MARKETING_VERSION = 1.0;
				PRODUCT_BUNDLE_IDENTIFIER = com.ramloops.SleepPulseTests;
				PRODUCT_NAME = "$(TARGET_NAME)";
				STRING_CATALOG_GENERATE_SYMBOLS = NO;
				SWIFT_APPROACHABLE_CONCURRENCY = YES;
				SWIFT_EMIT_LOC_STRINGS = NO;
				SWIFT_UPCOMING_FEATURE_MEMBER_IMPORT_VISIBILITY = YES;
				SWIFT_VERSION = 5.0;
				TARGETED_DEVICE_FAMILY = "1,2";
				TEST_HOST = "$(BUILT_PRODUCTS_DIR)/SleepPulse.app/$(BUNDLE_EXECUTABLE_FOLDER_PATH)/SleepPulse";
			};
			name = Debug;
		};
		8DD9C3D62ECAE48000876976 /* Release */ = {
			isa = XCBuildConfiguration;
			buildSettings = {
				BUNDLE_LOADER = "$(TEST_HOST)";
				CODE_SIGN_STYLE = Automatic;
				CURRENT_PROJECT_VERSION = 1;
				DEVELOPMENT_TEAM = S45L683Y57;
				GENERATE_INFOPLIST_FILE = YES;
				IPHONEOS_DEPLOYMENT_TARGET = 26.1;
				MARKETING_VERSION = 1.0;
				PRODUCT_BUNDLE_IDENTIFIER = com.ramloops.SleepPulseTests;
				PRODUCT_NAME = "$(TARGET_NAME)";
				STRING_CATALOG_GENERATE_SYMBOLS = NO;
				SWIFT_APPROACHABLE_CONCURRENCY = YES;
				SWIFT_EMIT_LOC_STRINGS = NO;
				SWIFT_UPCOMING_FEATURE_MEMBER_IMPORT_VISIBILITY = YES;
				SWIFT_VERSION = 5.0;
				TARGETED_DEVICE_FAMILY = "1,2";
				TEST_HOST = "$(BUILT_PRODUCTS_DIR)/SleepPulse.app/$(BUNDLE_EXECUTABLE_FOLDER_PATH)/SleepPulse";
			};
			name = Release;
		};
		8DD9C3D82ECAE48000876976 /* Debug */ = {
			isa = XCBuildConfiguration;
			buildSettings = {
				CODE_SIGN_STYLE = Automatic;
				CURRENT_PROJECT_VERSION = 1;
				DEVELOPMENT_TEAM = S45L683Y57;
				GENERATE_INFOPLIST_FILE = YES;
				MARKETING_VERSION = 1.0;
				PRODUCT_BUNDLE_IDENTIFIER = com.ramloops.SleepPulseUITests;
				PRODUCT_NAME = "$(TARGET_NAME)";
				STRING_CATALOG_GENERATE_SYMBOLS = NO;
				SWIFT_APPROACHABLE_CONCURRENCY = YES;
				SWIFT_EMIT_LOC_STRINGS = NO;
				SWIFT_UPCOMING_FEATURE_MEMBER_IMPORT_VISIBILITY = YES;
				SWIFT_VERSION = 5.0;
				TARGETED_DEVICE_FAMILY = "1,2";
				TEST_TARGET_NAME = SleepPulse;
			};
			name = Debug;
		};
		8DD9C3D92ECAE48000876976 /* Release */ = {
			isa = XCBuildConfiguration;
			buildSettings = {
				CODE_SIGN_STYLE = Automatic;
				CURRENT_PROJECT_VERSION = 1;
				DEVELOPMENT_TEAM = S45L683Y57;
				GENERATE_INFOPLIST_FILE = YES;
				MARKETING_VERSION = 1.0;
				PRODUCT_BUNDLE_IDENTIFIER = com.ramloops.SleepPulseUITests;
				PRODUCT_NAME = "$(TARGET_NAME)";
				STRING_CATALOG_GENERATE_SYMBOLS = NO;
				SWIFT_APPROACHABLE_CONCURRENCY = YES;
				SWIFT_EMIT_LOC_STRINGS = NO;
				SWIFT_UPCOMING_FEATURE_MEMBER_IMPORT_VISIBILITY = YES;
				SWIFT_VERSION = 5.0;
				TARGETED_DEVICE_FAMILY = "1,2";
				TEST_TARGET_NAME = SleepPulse;
			};
			name = Release;
		};
/* End XCBuildConfiguration section */

/* Begin XCConfigurationList section */
		8DD9C3AB2ECAE47E00876976 /* Build configuration list for PBXProject "SleepPulse" */ = {
			isa = XCConfigurationList;
			buildConfigurations = (
				8DD9C3CF2ECAE48000876976 /* Debug */,
				8DD9C3D02ECAE48000876976 /* Release */,
			);
			defaultConfigurationIsVisible = 0;
			defaultConfigurationName = Release;
		};
		8DD9C3D12ECAE48000876976 /* Build configuration list for PBXNativeTarget "SleepPulse" */ = {
			isa = XCConfigurationList;
			buildConfigurations = (
				8DD9C3D22ECAE48000876976 /* Debug */,
				8DD9C3D32ECAE48000876976 /* Release */,
			);
			defaultConfigurationIsVisible = 0;
			defaultConfigurationName = Release;
		};
		8DD9C3D42ECAE48000876976 /* Build configuration list for PBXNativeTarget "SleepPulseTests" */ = {
			isa = XCConfigurationList;
			buildConfigurations = (
				8DD9C3D52ECAE48000876976 /* Debug */,
				8DD9C3D62ECAE48000876976 /* Release */,
			);
			defaultConfigurationIsVisible = 0;
			defaultConfigurationName = Release;
		};
		8DD9C3D72ECAE48000876976 /* Build configuration list for PBXNativeTarget "SleepPulseUITests" */ = {
			isa = XCConfigurationList;
			buildConfigurations = (
				8DD9C3D82ECAE48000876976 /* Debug */,
				8DD9C3D92ECAE48000876976 /* Release */,
			);
			defaultConfigurationIsVisible = 0;
			defaultConfigurationName = Release;
		};
/* End XCConfigurationList section */

/* Begin XCRemoteSwiftPackageReference section */
		8D8C59ED2ECB62DA006B600D /* XCRemoteSwiftPackageReference "firebase-ios-sdk" */ = {
			isa = XCRemoteSwiftPackageReference;
			repositoryURL = "https://github.com/firebase/firebase-ios-sdk";
			requirement = {
				kind = upToNextMajorVersion;
				minimumVersion = 12.6.0;
			};
		};
/* End XCRemoteSwiftPackageReference section */

/* Begin XCSwiftPackageProductDependency section */
		8D8C59EE2ECB62DA006B600D /* FirebaseAnalytics */ = {
			isa = XCSwiftPackageProductDependency;
			package = 8D8C59ED2ECB62DA006B600D /* XCRemoteSwiftPackageReference "firebase-ios-sdk" */;
			productName = FirebaseAnalytics;
		};
		8D8C59F02ECB62DA006B600D /* FirebaseAuth */ = {
			isa = XCSwiftPackageProductDependency;
			package = 8D8C59ED2ECB62DA006B600D /* XCRemoteSwiftPackageReference "firebase-ios-sdk" */;
			productName = FirebaseAuth;
		};
		8D8C59F22ECB62DA006B600D /* FirebaseFirestore */ = {
			isa = XCSwiftPackageProductDependency;
			package = 8D8C59ED2ECB62DA006B600D /* XCRemoteSwiftPackageReference "firebase-ios-sdk" */;
			productName = FirebaseFirestore;
		};
/* End XCSwiftPackageProductDependency section */
	};
	rootObject = 8DD9C3A82ECAE47E00876976 /* Project object */;
}
